
Microsoft Visual Studio Solution File, Format Version 12.00
# Visual Studio 15
VisualStudioVersion = 15.0.28307.572
MinimumVisualStudioVersion = 10.0.40219.1
Project("{FAE04EC0-301F-11D3-BF4B-00C04F79EFBC}") = "CloudAnalyticsInstaller", "CloudAnalyticsInstaller\CloudAnalyticsInstaller.csproj", "{9533D2CE-E908-4EA8-97AB-A99621B53CF2}"
EndProject
Project("{FAE04EC0-301F-11D3-BF4B-00C04F79EFBC}") = "ACSDeploymentsUniqueNameValidationService", "ACSDeploymentsUniqueNameValidationService\ACSDeploymentsUniqueNameValidationService.csproj", "{A640A0AE-93B8-48B7-AE27-B1EF5EAE29D8}"
EndProject
Global
	GlobalSection(SolutionConfigurationPlatforms) = preSolution
		Debug|Any CPU = Debug|Any CPU
		Release|Any CPU = Release|Any CPU
	EndGlobalSection
	GlobalSection(ProjectConfigurationPlatforms) = postSolution
		{9533D2CE-E908-4EA8-97AB-A99621B53CF2}.Debug|Any CPU.ActiveCfg = Debug|Any CPU
		{9533D2CE-E908-4EA8-97AB-A99621B53CF2}.Debug|Any CPU.Build.0 = Debug|Any CPU
		{9533D2CE-E908-4EA8-97AB-A99621B53CF2}.Release|Any CPU.ActiveCfg = Release|Any CPU
		{9533D2CE-E908-4EA8-97AB-A99621B53CF2}.Release|Any CPU.Build.0 = Release|Any CPU
		{A640A0AE-93B8-48B7-AE27-B1EF5EAE29D8}.Debug|Any CPU.ActiveCfg = Debug|Any CPU
		{A640A0AE-93B8-48B7-AE27-B1EF5EAE29D8}.Debug|Any CPU.Build.0 = Debug|Any CPU
		{A640A0AE-93B8-48B7-AE27-B1EF5EAE29D8}.Release|Any CPU.ActiveCfg = Release|Any CPU
		{A640A0AE-93B8-48B7-AE27-B1EF5EAE29D8}.Release|Any CPU.Build.0 = Release|Any CPU
	EndGlobalSection
	GlobalSection(SolutionProperties) = preSolution
		HideSolutionNode = FALSE
	EndGlobalSection
	GlobalSection(ExtensibilityGlobals) = postSolution
		SolutionGuid = {515319B0-43D8-4817-B823-43022B0CC1D0}
	EndGlobalSection
EndGlobal
